
Microsoft Visual Studio Solution File, Format Version 12.00
# Visual Studio Version 17
VisualStudioVersion = 17.8.34322.80
MinimumVisualStudioVersion = 10.0.40219.1
Project("{FAE04EC0-301F-11D3-BF4B-00C04F79EFBC}") = "Lab4", "Lab4\Lab4.csproj", "{D502ECAA-9E0B-45DA-8675-D078010D3FB7}"
EndProject
Global
	GlobalSection(SolutionConfigurationPlatforms) = preSolution
		Debug|Any CPU = Debug|Any CPU
		Release|Any CPU = Release|Any CPU
	EndGlobalSection
	GlobalSection(ProjectConfigurationPlatforms) = postSolution
		{D502ECAA-9E0B-45DA-8675-D078010D3FB7}.Debug|Any CPU.ActiveCfg = Debug|Any CPU
		{D502ECAA-9E0B-45DA-8675-D078010D3FB7}.Debug|Any CPU.Build.0 = Debug|Any CPU
		{D502ECAA-9E0B-45DA-8675-D078010D3FB7}.Release|Any CPU.ActiveCfg = Release|Any CPU
		{D502ECAA-9E0B-45DA-8675-D078010D3FB7}.Release|Any CPU.Build.0 = Release|Any CPU
	EndGlobalSection
	GlobalSection(SolutionProperties) = preSolution
		HideSolutionNode = FALSE
	EndGlobalSection
	GlobalSection(ExtensibilityGlobals) = postSolution
		SolutionGuid = {1B218197-E3AE-4FB0-AB14-5C453C3F2F23}
	EndGlobalSection
EndGlobal
